
Microsoft Visual Studio Solution File, Format Version 12.00
# Visual Studio Version 17
VisualStudioVersion = 17.0.31903.59
MinimumVisualStudioVersion = 10.0.40219.1
Project("{2150E333-8FDC-42A3-9474-1A3956D46DE8}") = "src", "src", "{827E0CD3-B72D-47B6-A68D-7590B98EB39B}"
EndProject
Project("{FAE04EC0-301F-11D3-BF4B-00C04F79EFBC}") = "FlowOps.Domain", "src\FlowOps.Domain\FlowOps.Domain.csproj", "{CE89C227-E281-4836-A4BF-F500AF5AA641}"
EndProject
Project("{FAE04EC0-301F-11D3-BF4B-00C04F79EFBC}") = "FlowOps.Application", "src\FlowOps.Application\FlowOps.Application.csproj", "{7A851119-D68E-4C78-A222-697E8DAA3837}"
EndProject
Project("{FAE04EC0-301F-11D3-BF4B-00C04F79EFBC}") = "FlowOps.Infrastructure", "src\FlowOps.Infrastructure\FlowOps.Infrastructure.csproj", "{E33B5F76-75C5-4574-964B-9F9FD511AB18}"
EndProject
Project("{FAE04EC0-301F-11D3-BF4B-00C04F79EFBC}") = "FlowOps.Web", "src\FlowOps.Web\FlowOps.Web.csproj", "{12962240-5191-4851-8188-890A18CEA406}"
EndProject
Project("{2150E333-8FDC-42A3-9474-1A3956D46DE8}") = "tests", "tests", "{0AB3BF05-4346-4AA6-1389-037BE0695223}"
EndProject
Project("{FAE04EC0-301F-11D3-BF4B-00C04F79EFBC}") = "FlowOps.Domain.Tests", "tests\FlowOps.Domain.Tests\FlowOps.Domain.Tests.csproj", "{62E871C6-566A-48B4-8EBE-C2C19EE0A084}"
EndProject
Project("{FAE04EC0-301F-11D3-BF4B-00C04F79EFBC}") = "FlowOps.Application.Tests", "tests\FlowOps.Application.Tests\FlowOps.Application.Tests.csproj", "{82432375-692A-433E-AEE7-B64991A8256F}"
EndProject
Project("{FAE04EC0-301F-11D3-BF4B-00C04F79EFBC}") = "FlowOps.Web.Tests", "tests\FlowOps.Web.Tests\FlowOps.Web.Tests.csproj", "{9A664DDE-C54B-4739-82B6-DD309CD0FC8F}"
EndProject
Project("{FAE04EC0-301F-11D3-BF4B-00C04F79EFBC}") = "FlowOps.E2E.Tests", "tests\FlowOps.E2E.Tests\FlowOps.E2E.Tests.csproj", "{7543D16D-72BF-427E-A82F-D09767EB8D7A}"
EndProject
Global
	GlobalSection(SolutionConfigurationPlatforms) = preSolution
		Debug|Any CPU = Debug|Any CPU
		Debug|x64 = Debug|x64
		Debug|x86 = Debug|x86
		Release|Any CPU = Release|Any CPU
		Release|x64 = Release|x64
		Release|x86 = Release|x86
	EndGlobalSection
	GlobalSection(ProjectConfigurationPlatforms) = postSolution
		{CE89C227-E281-4836-A4BF-F500AF5AA641}.Debug|Any CPU.ActiveCfg = Debug|Any CPU
		{CE89C227-E281-4836-A4BF-F500AF5AA641}.Debug|Any CPU.Build.0 = Debug|Any CPU
		{CE89C227-E281-4836-A4BF-F500AF5AA641}.Debug|x64.ActiveCfg = Debug|Any CPU
		{CE89C227-E281-4836-A4BF-F500AF5AA641}.Debug|x64.Build.0 = Debug|Any CPU
		{CE89C227-E281-4836-A4BF-F500AF5AA641}.Debug|x86.ActiveCfg = Debug|Any CPU
		{CE89C227-E281-4836-A4BF-F500AF5AA641}.Debug|x86.Build.0 = Debug|Any CPU
		{CE89C227-E281-4836-A4BF-F500AF5AA641}.Release|Any CPU.ActiveCfg = Release|Any CPU
		{CE89C227-E281-4836-A4BF-F500AF5AA641}.Release|Any CPU.Build.0 = Release|Any CPU
		{CE89C227-E281-4836-A4BF-F500AF5AA641}.Release|x64.ActiveCfg = Release|Any CPU
		{CE89C227-E281-4836-A4BF-F500AF5AA641}.Release|x64.Build.0 = Release|Any CPU
		{CE89C227-E281-4836-A4BF-F500AF5AA641}.Release|x86.ActiveCfg = Release|Any CPU
		{CE89C227-E281-4836-A4BF-F500AF5AA641}.Release|x86.Build.0 = Release|Any CPU
		{7A851119-D68E-4C78-A222-697E8DAA3837}.Debug|Any CPU.ActiveCfg = Debug|Any CPU
		{7A851119-D68E-4C78-A222-697E8DAA3837}.Debug|Any CPU.Build.0 = Debug|Any CPU
		{7A851119-D68E-4C78-A222-697E8DAA3837}.Debug|x64.ActiveCfg = Debug|Any CPU
		{7A851119-D68E-4C78-A222-697E8DAA3837}.Debug|x64.Build.0 = Debug|Any CPU
		{7A851119-D68E-4C78-A222-697E8DAA3837}.Debug|x86.ActiveCfg = Debug|Any CPU
		{7A851119-D68E-4C78-A222-697E8DAA3837}.Debug|x86.Build.0 = Debug|Any CPU
		{7A851119-D68E-4C78-A222-697E8DAA3837}.Release|Any CPU.ActiveCfg = Release|Any CPU
		{7A851119-D68E-4C78-A222-697E8DAA3837}.Release|Any CPU.Build.0 = Release|Any CPU
		{7A851119-D68E-4C78-A222-697E8DAA3837}.Release|x64.ActiveCfg = Release|Any CPU
		{7A851119-D68E-4C78-A222-697E8DAA3837}.Release|x64.Build.0 = Release|Any CPU
		{7A851119-D68E-4C78-A222-697E8DAA3837}.Release|x86.ActiveCfg = Release|Any CPU
		{7A851119-D68E-4C78-A222-697E8DAA3837}.Release|x86.Build.0 = Release|Any CPU
		{E33B5F76-75C5-4574-964B-9F9FD511AB18}.Debug|Any CPU.ActiveCfg = Debug|Any CPU
		{E33B5F76-75C5-4574-964B-9F9FD511AB18}.Debug|Any CPU.Build.0 = Debug|Any CPU
		{E33B5F76-75C5-4574-964B-9F9FD511AB18}.Debug|x64.ActiveCfg = Debug|Any CPU
		{E33B5F76-75C5-4574-964B-9F9FD511AB18}.Debug|x64.Build.0 = Debug|Any CPU
		{E33B5F76-75C5-4574-964B-9F9FD511AB18}.Debug|x86.ActiveCfg = Debug|Any CPU
		{E33B5F76-75C5-4574-964B-9F9FD511AB18}.Debug|x86.Build.0 = Debug|Any CPU
		{E33B5F76-75C5-4574-964B-9F9FD511AB18}.Release|Any CPU.ActiveCfg = Release|Any CPU
		{E33B5F76-75C5-4574-964B-9F9FD511AB18}.Release|Any CPU.Build.0 = Release|Any CPU
		{E33B5F76-75C5-4574-964B-9F9FD511AB18}.Release|x64.ActiveCfg = Release|Any CPU
		{E33B5F76-75C5-4574-964B-9F9FD511AB18}.Release|x64.Build.0 = Release|Any CPU
		{E33B5F76-75C5-4574-964B-9F9FD511AB18}.Release|x86.ActiveCfg = Release|Any CPU
		{E33B5F76-75C5-4574-964B-9F9FD511AB18}.Release|x86.Build.0 = Release|Any CPU
		{12962240-5191-4851-8188-890A18CEA406}.Debug|Any CPU.ActiveCfg = Debug|Any CPU
		{12962240-5191-4851-8188-890A18CEA406}.Debug|Any CPU.Build.0 = Debug|Any CPU
		{12962240-5191-4851-8188-890A18CEA406}.Debug|x64.ActiveCfg = Debug|Any CPU
		{12962240-5191-4851-8188-890A18CEA406}.Debug|x64.Build.0 = Debug|Any CPU
		{12962240-5191-4851-8188-890A18CEA406}.Debug|x86.ActiveCfg = Debug|Any CPU
		{12962240-5191-4851-8188-890A18CEA406}.Debug|x86.Build.0 = Debug|Any CPU
		{12962240-5191-4851-8188-890A18CEA406}.Release|Any CPU.ActiveCfg = Release|Any CPU
		{12962240-5191-4851-8188-890A18CEA406}.Release|Any CPU.Build.0 = Release|Any CPU
		{12962240-5191-4851-8188-890A18CEA406}.Release|x64.ActiveCfg = Release|Any CPU
		{12962240-5191-4851-8188-890A18CEA406}.Release|x64.Build.0 = Release|Any CPU
		{12962240-5191-4851-8188-890A18CEA406}.Release|x86.ActiveCfg = Release|Any CPU
		{12962240-5191-4851-8188-890A18CEA406}.Release|x86.Build.0 = Release|Any CPU
		{62E871C6-566A-48B4-8EBE-C2C19EE0A084}.Debug|Any CPU.ActiveCfg = Debug|Any CPU
		{62E871C6-566A-48B4-8EBE-C2C19EE0A084}.Debug|Any CPU.Build.0 = Debug|Any CPU
		{62E871C6-566A-48B4-8EBE-C2C19EE0A084}.Debug|x64.ActiveCfg = Debug|Any CPU
		{62E871C6-566A-48B4-8EBE-C2C19EE0A084}.Debug|x64.Build.0 = Debug|Any CPU
		{62E871C6-566A-48B4-8EBE-C2C19EE0A084}.Debug|x86.ActiveCfg = Debug|Any CPU
		{62E871C6-566A-48B4-8EBE-C2C19EE0A084}.Debug|x86.Build.0 = Debug|Any CPU
		{62E871C6-566A-48B4-8EBE-C2C19EE0A084}.Release|Any CPU.ActiveCfg = Release|Any CPU
		{62E871C6-566A-48B4-8EBE-C2C19EE0A084}.Release|Any CPU.Build.0 = Release|Any CPU
		{62E871C6-566A-48B4-8EBE-C2C19EE0A084}.Release|x64.ActiveCfg = Release|Any CPU
		{62E871C6-566A-48B4-8EBE-C2C19EE0A084}.Release|x64.Build.0 = Release|Any CPU
		{62E871C6-566A-48B4-8EBE-C2C19EE0A084}.Release|x86.ActiveCfg = Release|Any CPU
		{62E871C6-566A-48B4-8EBE-C2C19EE0A084}.Release|x86.Build.0 = Release|Any CPU
		{82432375-692A-433E-AEE7-B64991A8256F}.Debug|Any CPU.ActiveCfg = Debug|Any CPU
		{82432375-692A-433E-AEE7-B64991A8256F}.Debug|Any CPU.Build.0 = Debug|Any CPU
		{82432375-692A-433E-AEE7-B64991A8256F}.Debug|x64.ActiveCfg = Debug|Any CPU
		{82432375-692A-433E-AEE7-B64991A8256F}.Debug|x64.Build.0 = Debug|Any CPU
		{82432375-692A-433E-AEE7-B64991A8256F}.Debug|x86.ActiveCfg = Debug|Any CPU
		{82432375-692A-433E-AEE7-B64991A8256F}.Debug|x86.Build.0 = Debug|Any CPU
		{82432375-692A-433E-AEE7-B64991A8256F}.Release|Any CPU.ActiveCfg = Release|Any CPU
		{82432375-692A-433E-AEE7-B64991A8256F}.Release|Any CPU.Build.0 = Release|Any CPU
		{82432375-692A-433E-AEE7-B64991A8256F}.Release|x64.ActiveCfg = Release|Any CPU
		{82432375-692A-433E-AEE7-B64991A8256F}.Release|x64.Build.0 = Release|Any CPU
		{82432375-692A-433E-AEE7-B64991A8256F}.Release|x86.ActiveCfg = Release|Any CPU
		{82432375-692A-433E-AEE7-B64991A8256F}.Release|x86.Build.0 = Release|Any CPU
		{9A664DDE-C54B-4739-82B6-DD309CD0FC8F}.Debug|Any CPU.ActiveCfg = Debug|Any CPU
		{9A664DDE-C54B-4739-82B6-DD309CD0FC8F}.Debug|Any CPU.Build.0 = Debug|Any CPU
		{9A664DDE-C54B-4739-82B6-DD309CD0FC8F}.Debug|x64.ActiveCfg = Debug|Any CPU
		{9A664DDE-C54B-4739-82B6-DD309CD0FC8F}.Debug|x64.Build.0 = Debug|Any CPU
		{9A664DDE-C54B-4739-82B6-DD309CD0FC8F}.Debug|x86.ActiveCfg = Debug|Any CPU
		{9A664DDE-C54B-4739-82B6-DD309CD0FC8F}.Debug|x86.Build.0 = Debug|Any CPU
		{9A664DDE-C54B-4739-82B6-DD309CD0FC8F}.Release|Any CPU.ActiveCfg = Release|Any CPU
		{9A664DDE-C54B-4739-82B6-DD309CD0FC8F}.Release|Any CPU.Build.0 = Release|Any CPU
		{9A664DDE-C54B-4739-82B6-DD309CD0FC8F}.Release|x64.ActiveCfg = Release|Any CPU
		{9A664DDE-C54B-4739-82B6-DD309CD0FC8F}.Release|x64.Build.0 = Release|Any CPU
		{9A664DDE-C54B-4739-82B6-DD309CD0FC8F}.Release|x86.ActiveCfg = Release|Any CPU
		{9A664DDE-C54B-4739-82B6-DD309CD0FC8F}.Release|x86.Build.0 = Release|Any CPU
		{7543D16D-72BF-427E-A82F-D09767EB8D7A}.Debug|Any CPU.ActiveCfg = Debug|Any CPU
		{7543D16D-72BF-427E-A82F-D09767EB8D7A}.Debug|Any CPU.Build.0 = Debug|Any CPU
		{7543D16D-72BF-427E-A82F-D09767EB8D7A}.Debug|x64.ActiveCfg = Debug|Any CPU
		{7543D16D-72BF-427E-A82F-D09767EB8D7A}.Debug|x64.Build.0 = Debug|Any CPU
		{7543D16D-72BF-427E-A82F-D09767EB8D7A}.Debug|x86.ActiveCfg = Debug|Any CPU
		{7543D16D-72BF-427E-A82F-D09767EB8D7A}.Debug|x86.Build.0 = Debug|Any CPU
		{7543D16D-72BF-427E-A82F-D09767EB8D7A}.Release|Any CPU.ActiveCfg = Release|Any CPU
		{7543D16D-72BF-427E-A82F-D09767EB8D7A}.Release|Any CPU.Build.0 = Release|Any CPU
		{7543D16D-72BF-427E-A82F-D09767EB8D7A}.Release|x64.ActiveCfg = Release|Any CPU
		{7543D16D-72BF-427E-A82F-D09767EB8D7A}.Release|x64.Build.0 = Release|Any CPU
		{7543D16D-72BF-427E-A82F-D09767EB8D7A}.Release|x86.ActiveCfg = Release|Any CPU
		{7543D16D-72BF-427E-A82F-D09767EB8D7A}.Release|x86.Build.0 = Release|Any CPU
	EndGlobalSection
	GlobalSection(SolutionProperties) = preSolution
		HideSolutionNode = FALSE
	EndGlobalSection
	GlobalSection(NestedProjects) = preSolution
		{CE89C227-E281-4836-A4BF-F500AF5AA641} = {827E0CD3-B72D-47B6-A68D-7590B98EB39B}
		{7A851119-D68E-4C78-A222-697E8DAA3837} = {827E0CD3-B72D-47B6-A68D-7590B98EB39B}
		{E33B5F76-75C5-4574-964B-9F9FD511AB18} = {827E0CD3-B72D-47B6-A68D-7590B98EB39B}
		{12962240-5191-4851-8188-890A18CEA406} = {827E0CD3-B72D-47B6-A68D-7590B98EB39B}
		{62E871C6-566A-48B4-8EBE-C2C19EE0A084} = {0AB3BF05-4346-4AA6-1389-037BE0695223}
		{82432375-692A-433E-AEE7-B64991A8256F} = {0AB3BF05-4346-4AA6-1389-037BE0695223}
		{9A664DDE-C54B-4739-82B6-DD309CD0FC8F} = {0AB3BF05-4346-4AA6-1389-037BE0695223}
		{7543D16D-72BF-427E-A82F-D09767EB8D7A} = {0AB3BF05-4346-4AA6-1389-037BE0695223}
	EndGlobalSection
EndGlobal
